// !$*UTF8*$!
{
	archiveVersion = 1;
	classes = {
	};
	objectVersion = 54;
	objects = {

/* Begin PBXBuildFile section */
		"14170B11-8A77-49E7-B596-1DE238DCBA8C" /* ofxSyphonClient.mm in Sources */ = {isa = PBXBuildFile; fileRef = "715CA1BF-174D-4FCA-9631-7C5DAF4AA743" /* ofxSyphonClient.mm */; };
		"141BD555-170C-42B9-89A1-4C0B8A5F9E69" /* Syphon.framework in CopyFiles */ = {isa = PBXBuildFile; fileRef = "4C54D045-06D2-4005-B629-42D8C9BFEC49" /* Syphon.framework */; settings = {ATTRIBUTES = (CodeSignOnCopy, ); }; };
		"157F6458-99F2-4C28-9ADF-FC8FF5E7EC61" /* ofxSyphonNSObject.mm in Sources */ = {isa = PBXBuildFile; fileRef = "EBF6C907-204B-4D4E-B858-DC9BC554E3E8" /* ofxSyphonNSObject.mm */; };
		"1D8CD270-F44E-47BE-A107-B5B7FE098157" /* ofxSlider.cpp in Sources */ = {isa = PBXBuildFile; fileRef = "E9688A5F-1195-4B26-9B7B-8BDA4550F1B8" /* ofxSlider.cpp */; };
		"3F80FE24-4CDC-4AB5-B1AC-F41E0475B25A" /* ofxToggle.cpp in Sources */ = {isa = PBXBuildFile; fileRef = "22283DE4-9ECA-4FB6-A05F-BED904A85DA4" /* ofxToggle.cpp */; };
		"62A42A6D-4CD8-4DBC-9472-7869216A04AC" /* ofxInputField.cpp in Sources */ = {isa = PBXBuildFile; fileRef = "519BEA83-75FF-40FF-A52C-4AF887408B3A" /* ofxInputField.cpp */; };
		"6354C31B-1B10-49DE-BE4A-F2C293B04A6B" /* ofxButton.cpp in Sources */ = {isa = PBXBuildFile; fileRef = "3AF85176-85F3-43F8-9D53-5CBB76AC25DD" /* ofxButton.cpp */; };
		"6D249A71-9880-4B42-9D66-C45BE64DB244" /* ofxColorPicker.cpp in Sources */ = {isa = PBXBuildFile; fileRef = "1C1F121E-6E86-4548-AA16-4F36DAF3D0F2" /* ofxColorPicker.cpp */; };
		"7E930542-9B54-4A95-B4B8-D7D3E9633383" /* ofxPanel.cpp in Sources */ = {isa = PBXBuildFile; fileRef = "854B1D98-437C-4EC4-B741-4A2283799F4D" /* ofxPanel.cpp */; };
		"7F57493F-556A-4D7D-BD16-362C4F839079" /* ofxGuiGroup.cpp in Sources */ = {isa = PBXBuildFile; fileRef = "5755B35A-08A3-4D7C-B2E6-8243BE939ADE" /* ofxGuiGroup.cpp */; };
		"B51DECD6-73DE-431B-9F69-E64F92C62A24" /* ofxSyphonServer.mm in Sources */ = {isa = PBXBuildFile; fileRef = "3EBF0646-D026-4330-B153-B644B09E092E" /* ofxSyphonServer.mm */; };
		"BEDB2648-43BB-47C0-AD14-1B6D427EDFCA" /* ofxLabel.cpp in Sources */ = {isa = PBXBuildFile; fileRef = "0F84F991-F88D-4886-A41C-143C5C773507" /* ofxLabel.cpp */; };
		"C480E3A2-BE93-4A05-B942-62F03301FADD" /* Syphon.framework in Frameworks */ = {isa = PBXBuildFile; fileRef = "4C54D045-06D2-4005-B629-42D8C9BFEC49" /* Syphon.framework */; };
		"C6251727-4A42-46CD-B6EE-B820891B6492" /* ofxBaseGui.cpp in Sources */ = {isa = PBXBuildFile; fileRef = "FE6B6513-DA45-498F-8946-662BC3BEF1D0" /* ofxBaseGui.cpp */; };
		E4B69E200A3A1BDC003C02F2 /* main.cpp in Sources */ = {isa = PBXBuildFile; fileRef = E4B69E1D0A3A1BDC003C02F2 /* main.cpp */; };
		E4B69E210A3A1BDC003C02F2 /* ofApp.cpp in Sources */ = {isa = PBXBuildFile; fileRef = E4B69E1E0A3A1BDC003C02F2 /* ofApp.cpp */; };
		"F662EBD8-CA31-4FBF-9A98-7F0A292F5CEF" /* ofxSliderGroup.cpp in Sources */ = {isa = PBXBuildFile; fileRef = "4F40089E-4C7B-4569-9339-35AADEBC2F57" /* ofxSliderGroup.cpp */; };
		"F904D45F-1AB7-4E80-8ECB-CE7E9DA0EACF" /* ofxSyphonServerDirectory.mm in Sources */ = {isa = PBXBuildFile; fileRef = "A7D633B1-30EE-4103-B957-D0C11ABE50CD" /* ofxSyphonServerDirectory.mm */; };
		"FE3717D2-79CD-4B27-89EB-A47F17056618" /* SyphonNameboundClient.m in Sources */ = {isa = PBXBuildFile; fileRef = "A6653FA0-FD24-4A4F-A252-63907B8C9BE0" /* SyphonNameboundClient.m */; };
/* End PBXBuildFile section */

/* Begin PBXCopyFilesBuildPhase section */
		E4A5B60F29BAAAE400C2D356 /* CopyFiles */ = {
			isa = PBXCopyFilesBuildPhase;
			buildActionMask = 2147483647;
			dstPath = "";
			dstSubfolderSpec = 6;
			files = (
			);
			runOnlyForDeploymentPostprocessing = 0;
		};
		E4C2427710CC5ABF004149E2 /* CopyFiles */ = {
			isa = PBXCopyFilesBuildPhase;
			buildActionMask = 2147483647;
			dstPath = "";
			dstSubfolderSpec = 10;
			files = (
				"141BD555-170C-42B9-89A1-4C0B8A5F9E69" /* Syphon.framework in CopyFiles */,
			);
			runOnlyForDeploymentPostprocessing = 0;
		};
/* End PBXCopyFilesBuildPhase section */

/* Begin PBXFileReference section */
		"0F84F991-F88D-4886-A41C-143C5C773507" /* ofxLabel.cpp */ = {isa = PBXFileReference; explicitFileType = sourcecode.cpp.cpp; fileEncoding = 4; name = ofxLabel.cpp; path = ../../../addons/ofxGui/src/ofxLabel.cpp; sourceTree = SOURCE_ROOT; };
		"0FF7E44B-CAE1-4362-8C4A-C29D318F428F" /* ofxGui.h */ = {isa = PBXFileReference; explicitFileType = sourcecode.c.h; fileEncoding = 4; name = ofxGui.h; path = ../../../addons/ofxGui/src/ofxGui.h; sourceTree = SOURCE_ROOT; };
		191CD6FA2847E21E0085CBB6 /* of.entitlements */ = {isa = PBXFileReference; fileEncoding = 4; lastKnownFileType = text.plist.entitlements; path = of.entitlements; sourceTree = "<group>"; };
		191EF70929D778A400F35F26 /* openFrameworks */ = {isa = PBXFileReference; lastKnownFileType = folder; name = openFrameworks; path = ../../../libs/openFrameworks; sourceTree = SOURCE_ROOT; };
		"1C1F121E-6E86-4548-AA16-4F36DAF3D0F2" /* ofxColorPicker.cpp */ = {isa = PBXFileReference; explicitFileType = sourcecode.cpp.cpp; fileEncoding = 4; name = ofxColorPicker.cpp; path = ../../../addons/ofxGui/src/ofxColorPicker.cpp; sourceTree = SOURCE_ROOT; };
		"22283DE4-9ECA-4FB6-A05F-BED904A85DA4" /* ofxToggle.cpp */ = {isa = PBXFileReference; explicitFileType = sourcecode.cpp.cpp; fileEncoding = 4; name = ofxToggle.cpp; path = ../../../addons/ofxGui/src/ofxToggle.cpp; sourceTree = SOURCE_ROOT; };
		"29A7717C-8593-43F9-9100-B94F1D7DDCDA" /* App.xcconfig */ = {isa = PBXFileReference; fileEncoding = 4; lastKnownFileType = text.xcconfig; path = App.xcconfig; sourceTree = "<group>"; };
		"2C5FB093-BAD1-4806-A011-36C90E48FD07" /* ofxSyphonServer.h */ = {isa = PBXFileReference; explicitFileType = sourcecode.c.h; fileEncoding = 4; name = ofxSyphonServer.h; path = ../../../addons/ofxSyphon/src/ofxSyphonServer.h; sourceTree = SOURCE_ROOT; };
		"3AF85176-85F3-43F8-9D53-5CBB76AC25DD" /* ofxButton.cpp */ = {isa = PBXFileReference; explicitFileType = sourcecode.cpp.cpp; fileEncoding = 4; name = ofxButton.cpp; path = ../../../addons/ofxGui/src/ofxButton.cpp; sourceTree = SOURCE_ROOT; };
		"3EBF0646-D026-4330-B153-B644B09E092E" /* ofxSyphonServer.mm */ = {isa = PBXFileReference; explicitFileType = sourcecode.cpp.objcpp; fileEncoding = 4; name = ofxSyphonServer.mm; path = ../../../addons/ofxSyphon/src/ofxSyphonServer.mm; sourceTree = SOURCE_ROOT; };
		"43ADF9C5-A3E6-427F-81D4-91EF9B91B016" /* ofxButton.h */ = {isa = PBXFileReference; explicitFileType = sourcecode.c.h; fileEncoding = 4; name = ofxButton.h; path = ../../../addons/ofxGui/src/ofxButton.h; sourceTree = SOURCE_ROOT; };
		"473169F1-8A82-4B87-BEF4-F9C786F63044" /* ofxGuiUtils.h */ = {isa = PBXFileReference; explicitFileType = sourcecode.c.h; fileEncoding = 4; name = ofxGuiUtils.h; path = ../../../addons/ofxGui/src/ofxGuiUtils.h; sourceTree = SOURCE_ROOT; };
		"4C54D045-06D2-4005-B629-42D8C9BFEC49" /* Syphon.framework */ = {isa = PBXFileReference; lastKnownFileType = wrapper.framework; name = Syphon.framework; path = ../../../addons/ofxSyphon/libs/Syphon/lib/osx/Syphon.framework; sourceTree = SOURCE_ROOT; };
		"4F40089E-4C7B-4569-9339-35AADEBC2F57" /* ofxSliderGroup.cpp */ = {isa = PBXFileReference; explicitFileType = sourcecode.cpp.cpp; fileEncoding = 4; name = ofxSliderGroup.cpp; path = ../../../addons/ofxGui/src/ofxSliderGroup.cpp; sourceTree = SOURCE_ROOT; };
		"4FAFB5B7-6411-4E97-A92D-66956DCD3DD2" /* ofxToggle.h */ = {isa = PBXFileReference; explicitFileType = sourcecode.c.h; fileEncoding = 4; name = ofxToggle.h; path = ../../../addons/ofxGui/src/ofxToggle.h; sourceTree = SOURCE_ROOT; };
		"519BEA83-75FF-40FF-A52C-4AF887408B3A" /* ofxInputField.cpp */ = {isa = PBXFileReference; explicitFileType = sourcecode.cpp.cpp; fileEncoding = 4; name = ofxInputField.cpp; path = ../../../addons/ofxGui/src/ofxInputField.cpp; sourceTree = SOURCE_ROOT; };
		"5755B35A-08A3-4D7C-B2E6-8243BE939ADE" /* ofxGuiGroup.cpp */ = {isa = PBXFileReference; explicitFileType = sourcecode.cpp.cpp; fileEncoding = 4; name = ofxGuiGroup.cpp; path = ../../../addons/ofxGui/src/ofxGuiGroup.cpp; sourceTree = SOURCE_ROOT; };
		"65313AF9-8EE1-4EA3-B51A-0260D64057F2" /* ofxInputField.h */ = {isa = PBXFileReference; explicitFileType = sourcecode.c.h; fileEncoding = 4; name = ofxInputField.h; path = ../../../addons/ofxGui/src/ofxInputField.h; sourceTree = SOURCE_ROOT; };
		"715CA1BF-174D-4FCA-9631-7C5DAF4AA743" /* ofxSyphonClient.mm */ = {isa = PBXFileReference; explicitFileType = sourcecode.cpp.objcpp; fileEncoding = 4; name = ofxSyphonClient.mm; path = ../../../addons/ofxSyphon/src/ofxSyphonClient.mm; sourceTree = SOURCE_ROOT; };
		"77C4DAAC-7C35-4B86-8ECE-4A690FBA4140" /* ofxSliderGroup.h */ = {isa = PBXFileReference; explicitFileType = sourcecode.c.h; fileEncoding = 4; name = ofxSliderGroup.h; path = ../../../addons/ofxGui/src/ofxSliderGroup.h; sourceTree = SOURCE_ROOT; };
		"7D257838-1863-473E-A398-2904F0A1B508" /* ofxColorPicker.h */ = {isa = PBXFileReference; explicitFileType = sourcecode.c.h; fileEncoding = 4; name = ofxColorPicker.h; path = ../../../addons/ofxGui/src/ofxColorPicker.h; sourceTree = SOURCE_ROOT; };
		"854B1D98-437C-4EC4-B741-4A2283799F4D" /* ofxPanel.cpp */ = {isa = PBXFileReference; explicitFileType = sourcecode.cpp.cpp; fileEncoding = 4; name = ofxPanel.cpp; path = ../../../addons/ofxGui/src/ofxPanel.cpp; sourceTree = SOURCE_ROOT; };
		"89CCD61C-058E-46D1-BCC3-38E0644D74D4" /* SyphonNameboundClient.h */ = {isa = PBXFileReference; explicitFileType = sourcecode.c.h; fileEncoding = 4; name = SyphonNameboundClient.h; path = ../../../addons/ofxSyphon/libs/Syphon/src/SyphonNameboundClient.h; sourceTree = SOURCE_ROOT; };
		"9FB78A03-A7A9-4293-945B-C32D30FD87F5" /* ofxBaseGui.h */ = {isa = PBXFileReference; explicitFileType = sourcecode.c.h; fileEncoding = 4; name = ofxBaseGui.h; path = ../../../addons/ofxGui/src/ofxBaseGui.h; sourceTree = SOURCE_ROOT; };
		"A6653FA0-FD24-4A4F-A252-63907B8C9BE0" /* SyphonNameboundClient.m */ = {isa = PBXFileReference; explicitFileType = sourcecode.cpp.objcpp; fileEncoding = 4; name = SyphonNameboundClient.m; path = ../../../addons/ofxSyphon/libs/Syphon/src/SyphonNameboundClient.m; sourceTree = SOURCE_ROOT; };
		"A7D633B1-30EE-4103-B957-D0C11ABE50CD" /* ofxSyphonServerDirectory.mm */ = {isa = PBXFileReference; explicitFileType = sourcecode.cpp.objcpp; fileEncoding = 4; name = ofxSyphonServerDirectory.mm; path = ../../../addons/ofxSyphon/src/ofxSyphonServerDirectory.mm; sourceTree = SOURCE_ROOT; };
		"C8833B53-6B6F-4BC6-849C-261D3A614937" /* ofxSyphon.h */ = {isa = PBXFileReference; explicitFileType = sourcecode.c.h; fileEncoding = 4; name = ofxSyphon.h; path = ../../../addons/ofxSyphon/src/ofxSyphon.h; sourceTree = SOURCE_ROOT; };
		"C978653F-9705-4DD6-B9FB-20F4904ECFBB" /* ofxGuiGroup.h */ = {isa = PBXFileReference; explicitFileType = sourcecode.c.h; fileEncoding = 4; name = ofxGuiGroup.h; path = ../../../addons/ofxGui/src/ofxGuiGroup.h; sourceTree = SOURCE_ROOT; };
		"CA454947-F57B-4995-9EC9-742D25C93BF1" /* ofxSyphonClient.h */ = {isa = PBXFileReference; explicitFileType = sourcecode.c.h; fileEncoding = 4; name = ofxSyphonClient.h; path = ../../../addons/ofxSyphon/src/ofxSyphonClient.h; sourceTree = SOURCE_ROOT; };
		"CB7F5863-B99A-46A8-8EAF-4F4E5BF67647" /* ofxDatGuiCustom.h */ = {isa = PBXFileReference; explicitFileType = sourcecode.c.h; fileEncoding = 4; name = ofxDatGuiCustom.h; path = src/ofxDatGuiCustom.h; sourceTree = SOURCE_ROOT; };
		"D345F5E2-9B39-4ABA-B758-51752870D577" /* ofxSyphonNSObject.hpp */ = {isa = PBXFileReference; explicitFileType = sourcecode.c.h; fileEncoding = 4; name = ofxSyphonNSObject.hpp; path = ../../../addons/ofxSyphon/src/ofxSyphonNSObject.hpp; sourceTree = SOURCE_ROOT; };
		"DEDA4CD8-FC6E-4F5F-8267-135D8A45115E" /* ofxSlider.h */ = {isa = PBXFileReference; explicitFileType = sourcecode.c.h; fileEncoding = 4; name = ofxSlider.h; path = ../../../addons/ofxGui/src/ofxSlider.h; sourceTree = SOURCE_ROOT; };
		"E3957A91-8BAA-495A-9A41-CFFF3FC6AECB" /* ofxLabel.h */ = {isa = PBXFileReference; explicitFileType = sourcecode.c.h; fileEncoding = 4; name = ofxLabel.h; path = ../../../addons/ofxGui/src/ofxLabel.h; sourceTree = SOURCE_ROOT; };
		E4B69B5B0A3A1756003C02F2 /* SequenceStreamerDebug.app */ = {isa = PBXFileReference; explicitFileType = wrapper.application; includeInIndex = 0; path = SequenceStreamerDebug.app; sourceTree = BUILT_PRODUCTS_DIR; };
		E4B69E1D0A3A1BDC003C02F2 /* main.cpp */ = {isa = PBXFileReference; fileEncoding = 4; lastKnownFileType = sourcecode.cpp.cpp; name = main.cpp; path = src/main.cpp; sourceTree = SOURCE_ROOT; };
		E4B69E1E0A3A1BDC003C02F2 /* ofApp.cpp */ = {isa = PBXFileReference; explicitFileType = sourcecode.cpp.cpp; fileEncoding = 4; name = ofApp.cpp; path = src/ofApp.cpp; sourceTree = SOURCE_ROOT; };
		E4B69E1F0A3A1BDC003C02F2 /* ofApp.h */ = {isa = PBXFileReference; fileEncoding = 4; lastKnownFileType = sourcecode.c.h; name = ofApp.h; path = src/ofApp.h; sourceTree = SOURCE_ROOT; };
		E4B6FCAD0C3E899E008CF71C /* openFrameworks-Info.plist */ = {isa = PBXFileReference; fileEncoding = 4; lastKnownFileType = text.plist.xml; path = "openFrameworks-Info.plist"; sourceTree = "<group>"; };
		E4EB6923138AFD0F00A09F29 /* Project.xcconfig */ = {isa = PBXFileReference; fileEncoding = 4; lastKnownFileType = text.xcconfig; path = Project.xcconfig; sourceTree = "<group>"; };
		"E9688A5F-1195-4B26-9B7B-8BDA4550F1B8" /* ofxSlider.cpp */ = {isa = PBXFileReference; explicitFileType = sourcecode.cpp.cpp; fileEncoding = 4; name = ofxSlider.cpp; path = ../../../addons/ofxGui/src/ofxSlider.cpp; sourceTree = SOURCE_ROOT; };
		"EB79F6EF-8C66-4212-8FC6-3C229C30E63E" /* ofxSyphonServerDirectory.h */ = {isa = PBXFileReference; explicitFileType = sourcecode.c.h; fileEncoding = 4; name = ofxSyphonServerDirectory.h; path = ../../../addons/ofxSyphon/src/ofxSyphonServerDirectory.h; sourceTree = SOURCE_ROOT; };
		"EBF6C907-204B-4D4E-B858-DC9BC554E3E8" /* ofxSyphonNSObject.mm */ = {isa = PBXFileReference; explicitFileType = sourcecode.cpp.objcpp; fileEncoding = 4; name = ofxSyphonNSObject.mm; path = ../../../addons/ofxSyphon/src/ofxSyphonNSObject.mm; sourceTree = SOURCE_ROOT; };
		"F500545B-7611-4635-972E-A609F9C6CDA2" /* ofxPanel.h */ = {isa = PBXFileReference; explicitFileType = sourcecode.c.h; fileEncoding = 4; name = ofxPanel.h; path = ../../../addons/ofxGui/src/ofxPanel.h; sourceTree = SOURCE_ROOT; };
		"FE6B6513-DA45-498F-8946-662BC3BEF1D0" /* ofxBaseGui.cpp */ = {isa = PBXFileReference; explicitFileType = sourcecode.cpp.cpp; fileEncoding = 4; name = ofxBaseGui.cpp; path = ../../../addons/ofxGui/src/ofxBaseGui.cpp; sourceTree = SOURCE_ROOT; };
		FE822DE02D80E2B900E76A25 /* SequenceStreamerRelease.entitlements */ = {isa = PBXFileReference; lastKnownFileType = text.plist.entitlements; path = SequenceStreamerRelease.entitlements; sourceTree = "<group>"; };
/* End PBXFileReference section */

/* Begin PBXFrameworksBuildPhase section */
		E4B69B590A3A1756003C02F2 /* Frameworks */ = {
			isa = PBXFrameworksBuildPhase;
			buildActionMask = 2147483647;
			files = (
				"C480E3A2-BE93-4A05-B942-62F03301FADD" /* Syphon.framework in Frameworks */,
			);
			runOnlyForDeploymentPostprocessing = 0;
		};
/* End PBXFrameworksBuildPhase section */

/* Begin PBXGroup section */
		"24B3BDAE-2EB0-4E3D-8062-899304836191" /* libs */ = {
			isa = PBXGroup;
			children = (
				"952BFD03-CEE4-4C6B-AD31-00541B286182" /* Syphon */,
			);
			name = libs;
			path = ../../../addons/ofxSyphon/libs;
			sourceTree = SOURCE_ROOT;
		};
		"48D23799-2546-4AC8-BBDD-8787BB647CCC" /* src */ = {
			isa = PBXGroup;
			children = (
				"89CCD61C-058E-46D1-BCC3-38E0644D74D4" /* SyphonNameboundClient.h */,
				"A6653FA0-FD24-4A4F-A252-63907B8C9BE0" /* SyphonNameboundClient.m */,
			);
			name = src;
			path = ../../../addons/ofxSyphon/libs/Syphon/src;
			sourceTree = SOURCE_ROOT;
		};
		"499159AA-2006-4E23-A497-509300E91D57" /* src */ = {
			isa = PBXGroup;
			children = (
				"C8833B53-6B6F-4BC6-849C-261D3A614937" /* ofxSyphon.h */,
				"CA454947-F57B-4995-9EC9-742D25C93BF1" /* ofxSyphonClient.h */,
				"715CA1BF-174D-4FCA-9631-7C5DAF4AA743" /* ofxSyphonClient.mm */,
				"D345F5E2-9B39-4ABA-B758-51752870D577" /* ofxSyphonNSObject.hpp */,
				"EBF6C907-204B-4D4E-B858-DC9BC554E3E8" /* ofxSyphonNSObject.mm */,
				"2C5FB093-BAD1-4806-A011-36C90E48FD07" /* ofxSyphonServer.h */,
				"3EBF0646-D026-4330-B153-B644B09E092E" /* ofxSyphonServer.mm */,
				"EB79F6EF-8C66-4212-8FC6-3C229C30E63E" /* ofxSyphonServerDirectory.h */,
				"A7D633B1-30EE-4103-B957-D0C11ABE50CD" /* ofxSyphonServerDirectory.mm */,
			);
			name = src;
			path = ../../../addons/ofxSyphon/src;
			sourceTree = SOURCE_ROOT;
		};
		"4DACE571-1E4E-4ED6-AE48-6ADFEAB1C556" /* ofxGui */ = {
			isa = PBXGroup;
			children = (
				"E2840A97-9892-4A56-A209-5C06C2045C5B" /* src */,
			);
			name = ofxGui;
			path = ../../../addons/ofxGui;
			sourceTree = SOURCE_ROOT;
		};
		"5B55F3E4-BAA7-424A-AFFB-2762EC91058F" /* lib */ = {
			isa = PBXGroup;
			children = (
				"7584B543-E0A6-419F-A2DE-ED7EA98ED4A9" /* osx */,
			);
			name = lib;
			sourceTree = SOURCE_ROOT;
		};
		"7584B543-E0A6-419F-A2DE-ED7EA98ED4A9" /* osx */ = {
			isa = PBXGroup;
			children = (
				"4C54D045-06D2-4005-B629-42D8C9BFEC49" /* Syphon.framework */,
			);
			name = osx;
			sourceTree = SOURCE_ROOT;
		};
		"952BFD03-CEE4-4C6B-AD31-00541B286182" /* Syphon */ = {
			isa = PBXGroup;
			children = (
				"48D23799-2546-4AC8-BBDD-8787BB647CCC" /* src */,
				"5B55F3E4-BAA7-424A-AFFB-2762EC91058F" /* lib */,
			);
			name = Syphon;
			path = ../../../addons/ofxSyphon/libs/Syphon;
			sourceTree = SOURCE_ROOT;
		};
		BB4B014C10F69532006C3DED /* addons */ = {
			isa = PBXGroup;
			children = (
				"4DACE571-1E4E-4ED6-AE48-6ADFEAB1C556" /* ofxGui */,
				"C5CB7FA4-60DA-4C3C-8253-758D85D381C1" /* ofxSyphon */,
			);
			name = addons;
			path = ../../../addons;
			sourceTree = "<group>";
		};
		"C5CB7FA4-60DA-4C3C-8253-758D85D381C1" /* ofxSyphon */ = {
			isa = PBXGroup;
			children = (
				"24B3BDAE-2EB0-4E3D-8062-899304836191" /* libs */,
				"499159AA-2006-4E23-A497-509300E91D57" /* src */,
			);
			name = ofxSyphon;
			path = ../../../addons/ofxSyphon;
			sourceTree = SOURCE_ROOT;
		};
		"E2840A97-9892-4A56-A209-5C06C2045C5B" /* src */ = {
			isa = PBXGroup;
			children = (
				"FE6B6513-DA45-498F-8946-662BC3BEF1D0" /* ofxBaseGui.cpp */,
				"9FB78A03-A7A9-4293-945B-C32D30FD87F5" /* ofxBaseGui.h */,
				"3AF85176-85F3-43F8-9D53-5CBB76AC25DD" /* ofxButton.cpp */,
				"43ADF9C5-A3E6-427F-81D4-91EF9B91B016" /* ofxButton.h */,
				"1C1F121E-6E86-4548-AA16-4F36DAF3D0F2" /* ofxColorPicker.cpp */,
				"7D257838-1863-473E-A398-2904F0A1B508" /* ofxColorPicker.h */,
				"0FF7E44B-CAE1-4362-8C4A-C29D318F428F" /* ofxGui.h */,
				"5755B35A-08A3-4D7C-B2E6-8243BE939ADE" /* ofxGuiGroup.cpp */,
				"C978653F-9705-4DD6-B9FB-20F4904ECFBB" /* ofxGuiGroup.h */,
				"473169F1-8A82-4B87-BEF4-F9C786F63044" /* ofxGuiUtils.h */,
				"519BEA83-75FF-40FF-A52C-4AF887408B3A" /* ofxInputField.cpp */,
				"65313AF9-8EE1-4EA3-B51A-0260D64057F2" /* ofxInputField.h */,
				"0F84F991-F88D-4886-A41C-143C5C773507" /* ofxLabel.cpp */,
				"E3957A91-8BAA-495A-9A41-CFFF3FC6AECB" /* ofxLabel.h */,
				"854B1D98-437C-4EC4-B741-4A2283799F4D" /* ofxPanel.cpp */,
				"F500545B-7611-4635-972E-A609F9C6CDA2" /* ofxPanel.h */,
				"E9688A5F-1195-4B26-9B7B-8BDA4550F1B8" /* ofxSlider.cpp */,
				"DEDA4CD8-FC6E-4F5F-8267-135D8A45115E" /* ofxSlider.h */,
				"4F40089E-4C7B-4569-9339-35AADEBC2F57" /* ofxSliderGroup.cpp */,
				"77C4DAAC-7C35-4B86-8ECE-4A690FBA4140" /* ofxSliderGroup.h */,
				"22283DE4-9ECA-4FB6-A05F-BED904A85DA4" /* ofxToggle.cpp */,
				"4FAFB5B7-6411-4E97-A92D-66956DCD3DD2" /* ofxToggle.h */,
			);
			name = src;
			path = ../../../addons/ofxGui/src;
			sourceTree = SOURCE_ROOT;
		};
		E4B69B4A0A3A1720003C02F2 = {
			isa = PBXGroup;
			children = (
				FE822DE02D80E2B900E76A25 /* SequenceStreamerRelease.entitlements */,
				191CD6FA2847E21E0085CBB6 /* of.entitlements */,
				E4B6FCAD0C3E899E008CF71C /* openFrameworks-Info.plist */,
				E4EB6923138AFD0F00A09F29 /* Project.xcconfig */,
				E4B69E1C0A3A1BDC003C02F2 /* src */,
				191EF70929D778A400F35F26 /* openFrameworks */,
				BB4B014C10F69532006C3DED /* addons */,
				E4B69B5B0A3A1756003C02F2 /* SequenceStreamerDebug.app */,
				"29A7717C-8593-43F9-9100-B94F1D7DDCDA" /* App.xcconfig */,
			);
			sourceTree = "<group>";
		};
		E4B69E1C0A3A1BDC003C02F2 /* src */ = {
			isa = PBXGroup;
			children = (
				E4B69E1D0A3A1BDC003C02F2 /* main.cpp */,
				E4B69E1E0A3A1BDC003C02F2 /* ofApp.cpp */,
				E4B69E1F0A3A1BDC003C02F2 /* ofApp.h */,
				"CB7F5863-B99A-46A8-8EAF-4F4E5BF67647" /* ofxDatGuiCustom.h */,
			);
			path = src;
			sourceTree = SOURCE_ROOT;
		};
/* End PBXGroup section */

/* Begin PBXNativeTarget section */
		E4B69B5A0A3A1756003C02F2 /* SequenceStreamer */ = {
			isa = PBXNativeTarget;
			buildConfigurationList = E4B69B5F0A3A1757003C02F2 /* Build configuration list for PBXNativeTarget "SequenceStreamer" */;
			buildPhases = (
				E42962A92163ECCD00A6A9E2 /* Run Script — Compile OF */,
				E4B69B580A3A1756003C02F2 /* Sources */,
				E4B69B590A3A1756003C02F2 /* Frameworks */,
				E4C2427710CC5ABF004149E2 /* CopyFiles */,
				E4A5B60F29BAAAE400C2D356 /* CopyFiles */,
				19B789C429E5AB4A0082E9B8 /* ShellScript */,
			);
			buildRules = (
			);
			dependencies = (
			);
			name = SequenceStreamer;
			productName = myOFApp;
			productReference = E4B69B5B0A3A1756003C02F2 /* SequenceStreamerDebug.app */;
			productType = "com.apple.product-type.application";
		};
/* End PBXNativeTarget section */

/* Begin PBXProject section */
		E4B69B4C0A3A1720003C02F2 /* Project object */ = {
			isa = PBXProject;
			attributes = {
				LastUpgradeCheck = 0600;
			};
			buildConfigurationList = E4B69B4D0A3A1720003C02F2 /* Build configuration list for PBXProject "SequenceStreamer" */;
			compatibilityVersion = "Xcode 3.2";
			developmentRegion = en;
			hasScannedForEncodings = 0;
			knownRegions = (
				en,
				Base,
			);
			mainGroup = E4B69B4A0A3A1720003C02F2;
			productRefGroup = E4B69B4A0A3A1720003C02F2;
			projectDirPath = "";
			projectRoot = "";
			targets = (
				E4B69B5A0A3A1756003C02F2 /* SequenceStreamer */,
			);
		};
/* End PBXProject section */

/* Begin PBXShellScriptBuildPhase section */
		19B789C429E5AB4A0082E9B8 /* ShellScript */ = {
			isa = PBXShellScriptBuildPhase;
			buildActionMask = 2147483647;
			files = (
			);
			inputFileListPaths = (
			);
			inputPaths = (
			);
			outputFileListPaths = (
			);
			outputPaths = (
			);
			runOnlyForDeploymentPostprocessing = 0;
			shellPath = /bin/sh;
			shellScript = "\"$OF_PATH/scripts/osx/xcode_project.sh\"\n";
			showEnvVarsInLog = 0;
		};
		E42962A92163ECCD00A6A9E2 /* Run Script — Compile OF */ = {
			isa = PBXShellScriptBuildPhase;
			alwaysOutOfDate = 1;
			buildActionMask = 2147483647;
			files = (
			);
			inputPaths = (
			);
			name = "Run Script — Compile OF";
			outputPaths = (
			);
			runOnlyForDeploymentPostprocessing = 0;
			shellPath = /bin/sh;
			shellScript = "echo \"💾 Compiling Openframeworks\"\nxcodebuild -project \"$OF_PATH/libs/openFrameworksCompiled/project/osx/openFrameworksLib.xcodeproj\" -target openFrameworks -configuration \"${CONFIGURATION}\"  CLANG_CXX_LANGUAGE_STANDARD=$CLANG_CXX_LANGUAGE_STANDARD MACOSX_DEPLOYMENT_TARGET=$MACOSX_DEPLOYMENT_TARGET GCC_PREPROCESSOR_DEFINITIONS=$USER_PREPROCESSOR_DEFINITIONS\n";
			showEnvVarsInLog = 0;
		};
/* End PBXShellScriptBuildPhase section */

/* Begin PBXSourcesBuildPhase section */
		E4B69B580A3A1756003C02F2 /* Sources */ = {
			isa = PBXSourcesBuildPhase;
			buildActionMask = 2147483647;
			files = (
				E4B69E200A3A1BDC003C02F2 /* main.cpp in Sources */,
				E4B69E210A3A1BDC003C02F2 /* ofApp.cpp in Sources */,
				"C6251727-4A42-46CD-B6EE-B820891B6492" /* ofxBaseGui.cpp in Sources */,
				"6354C31B-1B10-49DE-BE4A-F2C293B04A6B" /* ofxButton.cpp in Sources */,
				"6D249A71-9880-4B42-9D66-C45BE64DB244" /* ofxColorPicker.cpp in Sources */,
				"7F57493F-556A-4D7D-BD16-362C4F839079" /* ofxGuiGroup.cpp in Sources */,
				"62A42A6D-4CD8-4DBC-9472-7869216A04AC" /* ofxInputField.cpp in Sources */,
				"BEDB2648-43BB-47C0-AD14-1B6D427EDFCA" /* ofxLabel.cpp in Sources */,
				"7E930542-9B54-4A95-B4B8-D7D3E9633383" /* ofxPanel.cpp in Sources */,
				"1D8CD270-F44E-47BE-A107-B5B7FE098157" /* ofxSlider.cpp in Sources */,
				"F662EBD8-CA31-4FBF-9A98-7F0A292F5CEF" /* ofxSliderGroup.cpp in Sources */,
				"3F80FE24-4CDC-4AB5-B1AC-F41E0475B25A" /* ofxToggle.cpp in Sources */,
				"FE3717D2-79CD-4B27-89EB-A47F17056618" /* SyphonNameboundClient.m in Sources */,
				"14170B11-8A77-49E7-B596-1DE238DCBA8C" /* ofxSyphonClient.mm in Sources */,
				"157F6458-99F2-4C28-9ADF-FC8FF5E7EC61" /* ofxSyphonNSObject.mm in Sources */,
				"B51DECD6-73DE-431B-9F69-E64F92C62A24" /* ofxSyphonServer.mm in Sources */,
				"F904D45F-1AB7-4E80-8ECB-CE7E9DA0EACF" /* ofxSyphonServerDirectory.mm in Sources */,
			);
			runOnlyForDeploymentPostprocessing = 0;
		};
/* End PBXSourcesBuildPhase section */

/* Begin XCBuildConfiguration section */
		E4B69B4E0A3A1720003C02F2 /* Debug */ = {
			isa = XCBuildConfiguration;
			baseConfigurationReference = E4EB6923138AFD0F00A09F29 /* Project.xcconfig */;
			buildSettings = {
				CODE_SIGN_ENTITLEMENTS = of.entitlements;
				COPY_PHASE_STRIP = NO;
				ENABLE_TESTABILITY = YES;
				GCC_OPTIMIZATION_LEVEL = 0;
				GCC_WARN_UNUSED_VARIABLE = NO;
				HEADER_SEARCH_PATHS = (
					"$(OF_CORE_HEADERS)",
					src,
				);
				OTHER_CPLUSPLUSFLAGS = "-D__MACOSX_CORE__";
			};
			name = Debug;
		};
		E4B69B4F0A3A1720003C02F2 /* Release */ = {
			isa = XCBuildConfiguration;
			baseConfigurationReference = E4EB6923138AFD0F00A09F29 /* Project.xcconfig */;
			buildSettings = {
				CODE_SIGN_ENTITLEMENTS = of.entitlements;
				COPY_PHASE_STRIP = YES;
				GCC_OPTIMIZATION_LEVEL = 3;
				GCC_UNROLL_LOOPS = YES;
				HEADER_SEARCH_PATHS = (
					"$(OF_CORE_HEADERS)",
					src,
				);
				OTHER_CPLUSPLUSFLAGS = "-D__MACOSX_CORE__";
			};
			name = Release;
		};
		E4B69B600A3A1757003C02F2 /* Debug */ = {
			isa = XCBuildConfiguration;
			baseConfigurationReference = E4EB6923138AFD0F00A09F29 /* Project.xcconfig */;
			buildSettings = {
				ARCHS = "$(ARCHS_STANDARD)";
				CODE_SIGN_IDENTITY = "Apple Development";
				CODE_SIGN_STYLE = Automatic;
				COPY_PHASE_STRIP = NO;
				DEVELOPMENT_TEAM = Q3S75BRZ75;
				FRAMEWORK_SEARCH_PATHS = (
					"$(inherited)",
					../../../addons/ofxSyphon/libs/Syphon/lib/osx,
				);
				GCC_DYNAMIC_NO_PIC = NO;
				HEADER_SEARCH_PATHS = (
					"$(OF_CORE_HEADERS)",
					src,
					src,
					../../../addons/ofxGui/src,
					../../../addons/ofxSyphon/libs,
					../../../addons/ofxSyphon/libs/Syphon,
					../../../addons/ofxSyphon/libs/Syphon/lib,
					../../../addons/ofxSyphon/libs/Syphon/lib/osx,
					../../../addons/ofxSyphon/libs/Syphon/src,
					../../../addons/ofxSyphon/src,
				);
				LIBRARY_SEARCH_PATHS = "$(inherited)";
				OTHER_CFLAGS = "-F../../../addons/ofxSyphon/libs/Syphon/lib/osx/";
				OTHER_LDFLAGS = (
					"$(OF_CORE_LIBS)",
					"$(OF_CORE_FRAMEWORKS)",
					"$(LIB_OF_DEBUG)",
					"-F../../../addons/ofxSyphon/libs/Syphon/lib/osx/",
					"-framework",
					Syphon,
				);
				PROVISIONING_PROFILE_SPECIFIER = "";
			};
			name = Debug;
		};
		E4B69B610A3A1757003C02F2 /* Release */ = {
			isa = XCBuildConfiguration;
			baseConfigurationReference = E4EB6923138AFD0F00A09F29 /* Project.xcconfig */;
			buildSettings = {
				ARCHS = "$(ARCHS_STANDARD)";
				CODE_SIGN_ENTITLEMENTS = SequenceStreamerRelease.entitlements;
				CODE_SIGN_IDENTITY = "Apple Development";
				CODE_SIGN_STYLE = Automatic;
				COPY_PHASE_STRIP = YES;
				DEVELOPMENT_TEAM = Q3S75BRZ75;
				ENABLE_HARDENED_RUNTIME = YES;
				FRAMEWORK_SEARCH_PATHS = (
					"$(inherited)",
					../../../addons/ofxSyphon/libs/Syphon/lib/osx,
				);
				HEADER_SEARCH_PATHS = (
					"$(OF_CORE_HEADERS)",
					src,
					src,
					../../../addons/ofxGui/src,
					../../../addons/ofxSyphon/libs,
					../../../addons/ofxSyphon/libs/Syphon,
					../../../addons/ofxSyphon/libs/Syphon/lib,
					../../../addons/ofxSyphon/libs/Syphon/lib/osx,
					../../../addons/ofxSyphon/libs/Syphon/src,
					../../../addons/ofxSyphon/src,
				);
				LIBRARY_SEARCH_PATHS = "$(inherited)";
				OTHER_CFLAGS = "-F../../../addons/ofxSyphon/libs/Syphon/lib/osx/";
				OTHER_LDFLAGS = (
					"$(OF_CORE_LIBS)",
					"$(OF_CORE_FRAMEWORKS)",
					"$(LIB_OF)",
					"-F../../../addons/ofxSyphon/libs/Syphon/lib/osx/",
					"-framework",
					Syphon,
				);
				PROVISIONING_PROFILE_SPECIFIER = "";
				baseConfigurationReference = E4EB6923138AFD0F00A09F29;
			};
			name = Release;
		};
/* End XCBuildConfiguration section */

/* Begin XCConfigurationList section */
		E4B69B4D0A3A1720003C02F2 /* Build configuration list for PBXProject "SequenceStreamer" */ = {
			isa = XCConfigurationList;
			buildConfigurations = (
				E4B69B4E0A3A1720003C02F2 /* Debug */,
				E4B69B4F0A3A1720003C02F2 /* Release */,
			);
			defaultConfigurationIsVisible = 0;
			defaultConfigurationName = Release;
		};
		E4B69B5F0A3A1757003C02F2 /* Build configuration list for PBXNativeTarget "SequenceStreamer" */ = {
			isa = XCConfigurationList;
			buildConfigurations = (
				E4B69B600A3A1757003C02F2 /* Debug */,
				E4B69B610A3A1757003C02F2 /* Release */,
			);
			defaultConfigurationIsVisible = 0;
			defaultConfigurationName = Release;
		};
/* End XCConfigurationList section */
	};
	rootObject = E4B69B4C0A3A1720003C02F2 /* Project object */;
}
